{
  "requires": true,
  "lockfileVersion": 1,
  "dependencies": {
    "chess.js": {
      "version": "1.0.0-beta.4",
      "resolved": "https://registry.npmjs.org/chess.js/-/chess.js-1.0.0-beta.4.tgz",
      "integrity": "sha512-ylSNnm/pNZ96UuZJIQ2cfq0RUQCpOIkid8amXE7Dq7MRPWnPQLlz97oYmGOF5J9yjtU+imqv2mUcsPz+xajNmg=="
    }
  }
}
